// !$*UTF8*$!
{
	archiveVersion = 1;
	classes = {
	};
	objectVersion = 51;
	objects = {

/* Begin PBXBuildFile section */
		0444EB7627C6B067001074A1 /* AppsPageHeader.swift in Sources */ = {isa = PBXBuildFile; fileRef = 0444EB7527C6B067001074A1 /* AppsPageHeader.swift */; };
		0444EB7827C6B082001074A1 /* AppsHeaderHorizontalController.swift in Sources */ = {isa = PBXBuildFile; fileRef = 0444EB7727C6B082001074A1 /* AppsHeaderHorizontalController.swift */; };
		0444EB7A27C6B0A5001074A1 /* AppsHeaderCell.swift in Sources */ = {isa = PBXBuildFile; fileRef = 0444EB7927C6B0A5001074A1 /* AppsHeaderCell.swift */; };
		0444EB7C27C6B41C001074A1 /* AppGroup.swift in Sources */ = {isa = PBXBuildFile; fileRef = 0444EB7B27C6B41C001074A1 /* AppGroup.swift */; };
		047D5E9C2473DB63008D56EC /* AppDelegate.swift in Sources */ = {isa = PBXBuildFile; fileRef = 047D5E9B2473DB63008D56EC /* AppDelegate.swift */; };
		047D5E9E2473DB63008D56EC /* SceneDelegate.swift in Sources */ = {isa = PBXBuildFile; fileRef = 047D5E9D2473DB63008D56EC /* SceneDelegate.swift */; };
		047D5EA02473DB63008D56EC /* ViewController.swift in Sources */ = {isa = PBXBuildFile; fileRef = 047D5E9F2473DB63008D56EC /* ViewController.swift */; };
		047D5EA52473DB63008D56EC /* Assets.xcassets in Resources */ = {isa = PBXBuildFile; fileRef = 047D5EA42473DB63008D56EC /* Assets.xcassets */; };
		047D5EA82473DB63008D56EC /* LaunchScreen.storyboard in Resources */ = {isa = PBXBuildFile; fileRef = 047D5EA62473DB63008D56EC /* LaunchScreen.storyboard */; };
		047D5EB12473E17A008D56EC /* AppsSearchController.swift in Sources */ = {isa = PBXBuildFile; fileRef = 047D5EB02473E17A008D56EC /* AppsSearchController.swift */; };
		047D5EB32473E193008D56EC /* BaseTabBarController.swift in Sources */ = {isa = PBXBuildFile; fileRef = 047D5EB22473E193008D56EC /* BaseTabBarController.swift */; };
		047D5EB62473E1BD008D56EC /* SearchResultCell.swift in Sources */ = {isa = PBXBuildFile; fileRef = 047D5EB52473E1BD008D56EC /* SearchResultCell.swift */; };
		04DFC42027C5A2EF001AD5C8 /* AppsPageController.swift in Sources */ = {isa = PBXBuildFile; fileRef = 04DFC41F27C5A2EF001AD5C8 /* AppsPageController.swift */; };
		04DFC42227C5A33B001AD5C8 /* AppsHorizontalController.swift in Sources */ = {isa = PBXBuildFile; fileRef = 04DFC42127C5A33B001AD5C8 /* AppsHorizontalController.swift */; };
		04DFC42627C5A380001AD5C8 /* AppsGroupCell.swift in Sources */ = {isa = PBXBuildFile; fileRef = 04DFC42527C5A380001AD5C8 /* AppsGroupCell.swift */; };
		04DFC42827C5A38E001AD5C8 /* AppRowCell.swift in Sources */ = {isa = PBXBuildFile; fileRef = 04DFC42727C5A38E001AD5C8 /* AppRowCell.swift */; };
		04DFC42A27C5A41B001AD5C8 /* BaseListController.swift in Sources */ = {isa = PBXBuildFile; fileRef = 04DFC42927C5A41B001AD5C8 /* BaseListController.swift */; };
		04DFC42C27C5A461001AD5C8 /* Extensions.swift in Sources */ = {isa = PBXBuildFile; fileRef = 04DFC42B27C5A461001AD5C8 /* Extensions.swift */; };
		04F18CA0247CDFAF00C1BEE4 /* UIView+Layout.swift in Sources */ = {isa = PBXBuildFile; fileRef = 04F18C9F247CDFAF00C1BEE4 /* UIView+Layout.swift */; };
		04F18CA3247CE2C500C1BEE4 /* Service.swift in Sources */ = {isa = PBXBuildFile; fileRef = 04F18CA2247CE2C500C1BEE4 /* Service.swift */; };
		04F18CA6247CE2FA00C1BEE4 /* Result.swift in Sources */ = {isa = PBXBuildFile; fileRef = 04F18CA5247CE2FA00C1BEE4 /* Result.swift */; };
		04F18CA8247CE31700C1BEE4 /* VerticalStackView.swift in Sources */ = {isa = PBXBuildFile; fileRef = 04F18CA7247CE31700C1BEE4 /* VerticalStackView.swift */; };
		7242A68277E41D8FB0132450 /* Pods_AppleAppStore.framework in Frameworks */ = {isa = PBXBuildFile; fileRef = 8694141F6AEBEF830F323E00 /* Pods_AppleAppStore.framework */; };
/* End PBXBuildFile section */

/* Begin PBXFileReference section */
		0444EB7527C6B067001074A1 /* AppsPageHeader.swift */ = {isa = PBXFileReference; lastKnownFileType = sourcecode.swift; path = AppsPageHeader.swift; sourceTree = "<group>"; };
		0444EB7727C6B082001074A1 /* AppsHeaderHorizontalController.swift */ = {isa = PBXFileReference; lastKnownFileType = sourcecode.swift; path = AppsHeaderHorizontalController.swift; sourceTree = "<group>"; };
		0444EB7927C6B0A5001074A1 /* AppsHeaderCell.swift */ = {isa = PBXFileReference; lastKnownFileType = sourcecode.swift; path = AppsHeaderCell.swift; sourceTree = "<group>"; };
		0444EB7B27C6B41C001074A1 /* AppGroup.swift */ = {isa = PBXFileReference; lastKnownFileType = sourcecode.swift; path = AppGroup.swift; sourceTree = "<group>"; };
		047D5E982473DB63008D56EC /* AppleAppStore.app */ = {isa = PBXFileReference; explicitFileType = wrapper.application; includeInIndex = 0; path = AppleAppStore.app; sourceTree = BUILT_PRODUCTS_DIR; };
		047D5E9B2473DB63008D56EC /* AppDelegate.swift */ = {isa = PBXFileReference; lastKnownFileType = sourcecode.swift; path = AppDelegate.swift; sourceTree = "<group>"; };
		047D5E9D2473DB63008D56EC /* SceneDelegate.swift */ = {isa = PBXFileReference; lastKnownFileType = sourcecode.swift; path = SceneDelegate.swift; sourceTree = "<group>"; };
		047D5E9F2473DB63008D56EC /* ViewController.swift */ = {isa = PBXFileReference; lastKnownFileType = sourcecode.swift; path = ViewController.swift; sourceTree = "<group>"; };
		047D5EA42473DB63008D56EC /* Assets.xcassets */ = {isa = PBXFileReference; lastKnownFileType = folder.assetcatalog; path = Assets.xcassets; sourceTree = "<group>"; };
		047D5EA72473DB63008D56EC /* Base */ = {isa = PBXFileReference; lastKnownFileType = file.storyboard; name = Base; path = Base.lproj/LaunchScreen.storyboard; sourceTree = "<group>"; };
		047D5EA92473DB63008D56EC /* Info.plist */ = {isa = PBXFileReference; lastKnownFileType = text.plist.xml; path = Info.plist; sourceTree = "<group>"; };
		047D5EB02473E17A008D56EC /* AppsSearchController.swift */ = {isa = PBXFileReference; lastKnownFileType = sourcecode.swift; path = AppsSearchController.swift; sourceTree = "<group>"; };
		047D5EB22473E193008D56EC /* BaseTabBarController.swift */ = {isa = PBXFileReference; lastKnownFileType = sourcecode.swift; path = BaseTabBarController.swift; sourceTree = "<group>"; };
		047D5EB52473E1BD008D56EC /* SearchResultCell.swift */ = {isa = PBXFileReference; lastKnownFileType = sourcecode.swift; path = SearchResultCell.swift; sourceTree = "<group>"; };
		04DFC41F27C5A2EF001AD5C8 /* AppsPageController.swift */ = {isa = PBXFileReference; lastKnownFileType = sourcecode.swift; path = AppsPageController.swift; sourceTree = "<group>"; };
		04DFC42127C5A33B001AD5C8 /* AppsHorizontalController.swift */ = {isa = PBXFileReference; lastKnownFileType = sourcecode.swift; path = AppsHorizontalController.swift; sourceTree = "<group>"; };
		04DFC42527C5A380001AD5C8 /* AppsGroupCell.swift */ = {isa = PBXFileReference; lastKnownFileType = sourcecode.swift; path = AppsGroupCell.swift; sourceTree = "<group>"; };
		04DFC42727C5A38E001AD5C8 /* AppRowCell.swift */ = {isa = PBXFileReference; lastKnownFileType = sourcecode.swift; path = AppRowCell.swift; sourceTree = "<group>"; };
		04DFC42927C5A41B001AD5C8 /* BaseListController.swift */ = {isa = PBXFileReference; lastKnownFileType = sourcecode.swift; path = BaseListController.swift; sourceTree = "<group>"; };
		04DFC42B27C5A461001AD5C8 /* Extensions.swift */ = {isa = PBXFileReference; lastKnownFileType = sourcecode.swift; path = Extensions.swift; sourceTree = "<group>"; };
		04F18C9F247CDFAF00C1BEE4 /* UIView+Layout.swift */ = {isa = PBXFileReference; lastKnownFileType = sourcecode.swift; path = "UIView+Layout.swift"; sourceTree = "<group>"; };
		04F18CA2247CE2C500C1BEE4 /* Service.swift */ = {isa = PBXFileReference; lastKnownFileType = sourcecode.swift; path = Service.swift; sourceTree = "<group>"; };
		04F18CA5247CE2FA00C1BEE4 /* Result.swift */ = {isa = PBXFileReference; lastKnownFileType = sourcecode.swift; path = Result.swift; sourceTree = "<group>"; };
		04F18CA7247CE31700C1BEE4 /* VerticalStackView.swift */ = {isa = PBXFileReference; lastKnownFileType = sourcecode.swift; path = VerticalStackView.swift; sourceTree = "<group>"; };
		3D15815A38EAA52FAA0E31C7 /* Pods-AppleAppStore.release.xcconfig */ = {isa = PBXFileReference; includeInIndex = 1; lastKnownFileType = text.xcconfig; name = "Pods-AppleAppStore.release.xcconfig"; path = "Target Support Files/Pods-AppleAppStore/Pods-AppleAppStore.release.xcconfig"; sourceTree = "<group>"; };
		8694141F6AEBEF830F323E00 /* Pods_AppleAppStore.framework */ = {isa = PBXFileReference; explicitFileType = wrapper.framework; includeInIndex = 0; path = Pods_AppleAppStore.framework; sourceTree = BUILT_PRODUCTS_DIR; };
		C70E69ED759A0D0B52100A80 /* Pods-AppleAppStore.debug.xcconfig */ = {isa = PBXFileReference; includeInIndex = 1; lastKnownFileType = text.xcconfig; name = "Pods-AppleAppStore.debug.xcconfig"; path = "Target Support Files/Pods-AppleAppStore/Pods-AppleAppStore.debug.xcconfig"; sourceTree = "<group>"; };
/* End PBXFileReference section */

/* Begin PBXFrameworksBuildPhase section */
		047D5E952473DB63008D56EC /* Frameworks */ = {
			isa = PBXFrameworksBuildPhase;
			buildActionMask = 2147483647;
			files = (
				7242A68277E41D8FB0132450 /* Pods_AppleAppStore.framework in Frameworks */,
			);
			runOnlyForDeploymentPostprocessing = 0;
		};
/* End PBXFrameworksBuildPhase section */

/* Begin PBXGroup section */
		047D5E8F2473DB63008D56EC = {
			isa = PBXGroup;
			children = (
				047D5E9A2473DB63008D56EC /* AppleAppStore */,
				047D5E992473DB63008D56EC /* Products */,
				39C23307599798DAEA19BC83 /* Pods */,
				74504493C5A5F2DBC72D3A93 /* Frameworks */,
			);
			sourceTree = "<group>";
		};
		047D5E992473DB63008D56EC /* Products */ = {
			isa = PBXGroup;
			children = (
				047D5E982473DB63008D56EC /* AppleAppStore.app */,
			);
			name = Products;
			sourceTree = "<group>";
		};
		047D5E9A2473DB63008D56EC /* AppleAppStore */ = {
			isa = PBXGroup;
			children = (
				04F18CA4247CE2E500C1BEE4 /* Models */,
				04F18CA1247CE2B600C1BEE4 /* Service */,
				04F18C9E247CDF8A00C1BEE4 /* HelperClasses */,
				047D5EB42473E1B0008D56EC /* Views */,
				047D5EAF2473E126008D56EC /* Controllers */,
				047D5E9B2473DB63008D56EC /* AppDelegate.swift */,
				047D5E9D2473DB63008D56EC /* SceneDelegate.swift */,
				047D5E9F2473DB63008D56EC /* ViewController.swift */,
				047D5EA42473DB63008D56EC /* Assets.xcassets */,
				047D5EA62473DB63008D56EC /* LaunchScreen.storyboard */,
				047D5EA92473DB63008D56EC /* Info.plist */,
			);
			path = AppleAppStore;
			sourceTree = "<group>";
		};
		047D5EAF2473E126008D56EC /* Controllers */ = {
			isa = PBXGroup;
			children = (
				04DFC41E27C5A2D3001AD5C8 /* Apps */,
				04DFC41D27C5A2C8001AD5C8 /* Search */,
				047D5EB22473E193008D56EC /* BaseTabBarController.swift */,
				04DFC42927C5A41B001AD5C8 /* BaseListController.swift */,
			);
			path = Controllers;
			sourceTree = "<group>";
		};
		047D5EB42473E1B0008D56EC /* Views */ = {
			isa = PBXGroup;
			children = (
				04DFC42427C5A372001AD5C8 /* Search */,
				04DFC42327C5A369001AD5C8 /* Apps */,
			);
			path = Views;
			sourceTree = "<group>";
		};
		04DFC41D27C5A2C8001AD5C8 /* Search */ = {
			isa = PBXGroup;
			children = (
				047D5EB02473E17A008D56EC /* AppsSearchController.swift */,
			);
			path = Search;
			sourceTree = "<group>";
		};
		04DFC41E27C5A2D3001AD5C8 /* Apps */ = {
			isa = PBXGroup;
			children = (
				04DFC41F27C5A2EF001AD5C8 /* AppsPageController.swift */,
				04DFC42127C5A33B001AD5C8 /* AppsHorizontalController.swift */,
				0444EB7727C6B082001074A1 /* AppsHeaderHorizontalController.swift */,
			);
			path = Apps;
			sourceTree = "<group>";
		};
		04DFC42327C5A369001AD5C8 /* Apps */ = {
			isa = PBXGroup;
			children = (
				04DFC42527C5A380001AD5C8 /* AppsGroupCell.swift */,
				04DFC42727C5A38E001AD5C8 /* AppRowCell.swift */,
				0444EB7527C6B067001074A1 /* AppsPageHeader.swift */,
				0444EB7927C6B0A5001074A1 /* AppsHeaderCell.swift */,
			);
			path = Apps;
			sourceTree = "<group>";
		};
		04DFC42427C5A372001AD5C8 /* Search */ = {
			isa = PBXGroup;
			children = (
				047D5EB52473E1BD008D56EC /* SearchResultCell.swift */,
			);
			path = Search;
			sourceTree = "<group>";
		};
		04F18C9E247CDF8A00C1BEE4 /* HelperClasses */ = {
			isa = PBXGroup;
			children = (
				04F18C9F247CDFAF00C1BEE4 /* UIView+Layout.swift */,
				04F18CA7247CE31700C1BEE4 /* VerticalStackView.swift */,
				04DFC42B27C5A461001AD5C8 /* Extensions.swift */,
			);
			path = HelperClasses;
			sourceTree = "<group>";
		};
		04F18CA1247CE2B600C1BEE4 /* Service */ = {
			isa = PBXGroup;
			children = (
				04F18CA2247CE2C500C1BEE4 /* Service.swift */,
			);
			path = Service;
			sourceTree = "<group>";
		};
		04F18CA4247CE2E500C1BEE4 /* Models */ = {
			isa = PBXGroup;
			children = (
				04F18CA5247CE2FA00C1BEE4 /* Result.swift */,
				0444EB7B27C6B41C001074A1 /* AppGroup.swift */,
			);
			path = Models;
			sourceTree = "<group>";
		};
		39C23307599798DAEA19BC83 /* Pods */ = {
			isa = PBXGroup;
			children = (
				C70E69ED759A0D0B52100A80 /* Pods-AppleAppStore.debug.xcconfig */,
				3D15815A38EAA52FAA0E31C7 /* Pods-AppleAppStore.release.xcconfig */,
			);
			path = Pods;
			sourceTree = "<group>";
		};
		74504493C5A5F2DBC72D3A93 /* Frameworks */ = {
			isa = PBXGroup;
			children = (
				8694141F6AEBEF830F323E00 /* Pods_AppleAppStore.framework */,
			);
			name = Frameworks;
			sourceTree = "<group>";
		};
/* End PBXGroup section */

/* Begin PBXNativeTarget section */
		047D5E972473DB63008D56EC /* AppleAppStore */ = {
			isa = PBXNativeTarget;
			buildConfigurationList = 047D5EAC2473DB63008D56EC /* Build configuration list for PBXNativeTarget "AppleAppStore" */;
			buildPhases = (
				C32AFBD29CB49D74B174F65C /* [CP] Check Pods Manifest.lock */,
				047D5E942473DB63008D56EC /* Sources */,
				047D5E952473DB63008D56EC /* Frameworks */,
				047D5E962473DB63008D56EC /* Resources */,
				397A65121C4CC22F2C9DB3EF /* [CP] Embed Pods Frameworks */,
			);
			buildRules = (
			);
			dependencies = (
			);
			name = AppleAppStore;
			productName = AppleAppStore;
			productReference = 047D5E982473DB63008D56EC /* AppleAppStore.app */;
			productType = "com.apple.product-type.application";
		};
/* End PBXNativeTarget section */

/* Begin PBXProject section */
		047D5E902473DB63008D56EC /* Project object */ = {
			isa = PBXProject;
			attributes = {
				LastSwiftUpdateCheck = 1140;
				LastUpgradeCheck = 1140;
				ORGANIZATIONNAME = "Hassan Ramadan Ali";
				TargetAttributes = {
					047D5E972473DB63008D56EC = {
						CreatedOnToolsVersion = 11.4.1;
					};
				};
			};
			buildConfigurationList = 047D5E932473DB63008D56EC /* Build configuration list for PBXProject "AppleAppStore" */;
			compatibilityVersion = "Xcode 9.3";
			developmentRegion = en;
			hasScannedForEncodings = 0;
			knownRegions = (
				en,
				Base,
			);
			mainGroup = 047D5E8F2473DB63008D56EC;
			productRefGroup = 047D5E992473DB63008D56EC /* Products */;
			projectDirPath = "";
			projectRoot = "";
			targets = (
				047D5E972473DB63008D56EC /* AppleAppStore */,
			);
		};
/* End PBXProject section */

/* Begin PBXResourcesBuildPhase section */
		047D5E962473DB63008D56EC /* Resources */ = {
			isa = PBXResourcesBuildPhase;
			buildActionMask = 2147483647;
			files = (
				047D5EA82473DB63008D56EC /* LaunchScreen.storyboard in Resources */,
				047D5EA52473DB63008D56EC /* Assets.xcassets in Resources */,
			);
			runOnlyForDeploymentPostprocessing = 0;
		};
/* End PBXResourcesBuildPhase section */

/* Begin PBXShellScriptBuildPhase section */
		397A65121C4CC22F2C9DB3EF /* [CP] Embed Pods Frameworks */ = {
			isa = PBXShellScriptBuildPhase;
			buildActionMask = 2147483647;
			files = (
			);
			inputFileListPaths = (
				"${PODS_ROOT}/Target Support Files/Pods-AppleAppStore/Pods-AppleAppStore-frameworks-${CONFIGURATION}-input-files.xcfilelist",
			);
			name = "[CP] Embed Pods Frameworks";
			outputFileListPaths = (
				"${PODS_ROOT}/Target Support Files/Pods-AppleAppStore/Pods-AppleAppStore-frameworks-${CONFIGURATION}-output-files.xcfilelist",
			);
			runOnlyForDeploymentPostprocessing = 0;
			shellPath = /bin/sh;
			shellScript = "\"${PODS_ROOT}/Target Support Files/Pods-AppleAppStore/Pods-AppleAppStore-frameworks.sh\"\n";
			showEnvVarsInLog = 0;
		};
		C32AFBD29CB49D74B174F65C /* [CP] Check Pods Manifest.lock */ = {
			isa = PBXShellScriptBuildPhase;
			buildActionMask = 2147483647;
			files = (
			);
			inputFileListPaths = (
			);
			inputPaths = (
				"${PODS_PODFILE_DIR_PATH}/Podfile.lock",
				"${PODS_ROOT}/Manifest.lock",
			);
			name = "[CP] Check Pods Manifest.lock";
			outputFileListPaths = (
			);
			outputPaths = (
				"$(DERIVED_FILE_DIR)/Pods-AppleAppStore-checkManifestLockResult.txt",
			);
			runOnlyForDeploymentPostprocessing = 0;
			shellPath = /bin/sh;
			shellScript = "diff \"${PODS_PODFILE_DIR_PATH}/Podfile.lock\" \"${PODS_ROOT}/Manifest.lock\" > /dev/null\nif [ $? != 0 ] ; then\n    # print error to STDERR\n    echo \"error: The sandbox is not in sync with the Podfile.lock. Run 'pod install' or update your CocoaPods installation.\" >&2\n    exit 1\nfi\n# This output is used by Xcode 'outputs' to avoid re-running this script phase.\necho \"SUCCESS\" > \"${SCRIPT_OUTPUT_FILE_0}\"\n";
			showEnvVarsInLog = 0;
		};
/* End PBXShellScriptBuildPhase section */

/* Begin PBXSourcesBuildPhase section */
		047D5E942473DB63008D56EC /* Sources */ = {
			isa = PBXSourcesBuildPhase;
			buildActionMask = 2147483647;
			files = (
				04F18CA6247CE2FA00C1BEE4 /* Result.swift in Sources */,
				04DFC42027C5A2EF001AD5C8 /* AppsPageController.swift in Sources */,
				047D5EA02473DB63008D56EC /* ViewController.swift in Sources */,
				04F18CA3247CE2C500C1BEE4 /* Service.swift in Sources */,
				047D5E9C2473DB63008D56EC /* AppDelegate.swift in Sources */,
				047D5EB32473E193008D56EC /* BaseTabBarController.swift in Sources */,
				04DFC42827C5A38E001AD5C8 /* AppRowCell.swift in Sources */,
				04DFC42627C5A380001AD5C8 /* AppsGroupCell.swift in Sources */,
				047D5E9E2473DB63008D56EC /* SceneDelegate.swift in Sources */,
				04F18CA0247CDFAF00C1BEE4 /* UIView+Layout.swift in Sources */,
				0444EB7827C6B082001074A1 /* AppsHeaderHorizontalController.swift in Sources */,
				0444EB7627C6B067001074A1 /* AppsPageHeader.swift in Sources */,
				04DFC42A27C5A41B001AD5C8 /* BaseListController.swift in Sources */,
				04DFC42C27C5A461001AD5C8 /* Extensions.swift in Sources */,
				047D5EB62473E1BD008D56EC /* SearchResultCell.swift in Sources */,
				0444EB7C27C6B41C001074A1 /* AppGroup.swift in Sources */,
				0444EB7A27C6B0A5001074A1 /* AppsHeaderCell.swift in Sources */,
				047D5EB12473E17A008D56EC /* AppsSearchController.swift in Sources */,
				04F18CA8247CE31700C1BEE4 /* VerticalStackView.swift in Sources */,
				04DFC42227C5A33B001AD5C8 /* AppsHorizontalController.swift in Sources */,
			);
			runOnlyForDeploymentPostprocessing = 0;
		};
/* End PBXSourcesBuildPhase section */

/* Begin PBXVariantGroup section */
		047D5EA62473DB63008D56EC /* LaunchScreen.storyboard */ = {
			isa = PBXVariantGroup;
			children = (
				047D5EA72473DB63008D56EC /* Base */,
			);
			name = LaunchScreen.storyboard;
			sourceTree = "<group>";
		};
/* End PBXVariantGroup section */

/* Begin XCBuildConfiguration section */
		047D5EAA2473DB63008D56EC /* Debug */ = {
			isa = XCBuildConfiguration;
			buildSettings = {
				ALWAYS_SEARCH_USER_PATHS = NO;
				CLANG_ANALYZER_NONNULL = YES;
				CLANG_ANALYZER_NUMBER_OBJECT_CONVERSION = YES_AGGRESSIVE;
				CLANG_CXX_LANGUAGE_STANDARD = "gnu++14";
				CLANG_CXX_LIBRARY = "libc++";
				CLANG_ENABLE_MODULES = YES;
				CLANG_ENABLE_OBJC_ARC = YES;
				CLANG_ENABLE_OBJC_WEAK = YES;
				CLANG_WARN_BLOCK_CAPTURE_AUTORELEASING = YES;
				CLANG_WARN_BOOL_CONVERSION = YES;
				CLANG_WARN_COMMA = YES;
				CLANG_WARN_CONSTANT_CONVERSION = YES;
				CLANG_WARN_DEPRECATED_OBJC_IMPLEMENTATIONS = YES;
				CLANG_WARN_DIRECT_OBJC_ISA_USAGE = YES_ERROR;
				CLANG_WARN_DOCUMENTATION_COMMENTS = YES;
				CLANG_WARN_EMPTY_BODY = YES;
				CLANG_WARN_ENUM_CONVERSION = YES;
				CLANG_WARN_INFINITE_RECURSION = YES;
				CLANG_WARN_INT_CONVERSION = YES;
				CLANG_WARN_NON_LITERAL_NULL_CONVERSION = YES;
				CLANG_WARN_OBJC_IMPLICIT_RETAIN_SELF = YES;
				CLANG_WARN_OBJC_LITERAL_CONVERSION = YES;
				CLANG_WARN_OBJC_ROOT_CLASS = YES_ERROR;
				CLANG_WARN_RANGE_LOOP_ANALYSIS = YES;
				CLANG_WARN_STRICT_PROTOTYPES = YES;
				CLANG_WARN_SUSPICIOUS_MOVE = YES;
				CLANG_WARN_UNGUARDED_AVAILABILITY = YES_AGGRESSIVE;
				CLANG_WARN_UNREACHABLE_CODE = YES;
				CLANG_WARN__DUPLICATE_METHOD_MATCH = YES;
				COPY_PHASE_STRIP = NO;
				DEBUG_INFORMATION_FORMAT = dwarf;
				ENABLE_STRICT_OBJC_MSGSEND = YES;
				ENABLE_TESTABILITY = YES;
				GCC_C_LANGUAGE_STANDARD = gnu11;
				GCC_DYNAMIC_NO_PIC = NO;
				GCC_NO_COMMON_BLOCKS = YES;
				GCC_OPTIMIZATION_LEVEL = 0;
				GCC_PREPROCESSOR_DEFINITIONS = (
					"DEBUG=1",
					"$(inherited)",
				);
				GCC_WARN_64_TO_32_BIT_CONVERSION = YES;
				GCC_WARN_ABOUT_RETURN_TYPE = YES_ERROR;
				GCC_WARN_UNDECLARED_SELECTOR = YES;
				GCC_WARN_UNINITIALIZED_AUTOS = YES_AGGRESSIVE;
				GCC_WARN_UNUSED_FUNCTION = YES;
				GCC_WARN_UNUSED_VARIABLE = YES;
				IPHONEOS_DEPLOYMENT_TARGET = 13.4;
				MTL_ENABLE_DEBUG_INFO = INCLUDE_SOURCE;
				MTL_FAST_MATH = YES;
				ONLY_ACTIVE_ARCH = YES;
				SDKROOT = iphoneos;
				SWIFT_ACTIVE_COMPILATION_CONDITIONS = DEBUG;
				SWIFT_OPTIMIZATION_LEVEL = "-Onone";
			};
			name = Debug;
		};
		047D5EAB2473DB63008D56EC /* Release */ = {
			isa = XCBuildConfiguration;
			buildSettings = {
				ALWAYS_SEARCH_USER_PATHS = NO;
				CLANG_ANALYZER_NONNULL = YES;
				CLANG_ANALYZER_NUMBER_OBJECT_CONVERSION = YES_AGGRESSIVE;
				CLANG_CXX_LANGUAGE_STANDARD = "gnu++14";
				CLANG_CXX_LIBRARY = "libc++";
				CLANG_ENABLE_MODULES = YES;
				CLANG_ENABLE_OBJC_ARC = YES;
				CLANG_ENABLE_OBJC_WEAK = YES;
				CLANG_WARN_BLOCK_CAPTURE_AUTORELEASING = YES;
				CLANG_WARN_BOOL_CONVERSION = YES;
				CLANG_WARN_COMMA = YES;
				CLANG_WARN_CONSTANT_CONVERSION = YES;
				CLANG_WARN_DEPRECATED_OBJC_IMPLEMENTATIONS = YES;
				CLANG_WARN_DIRECT_OBJC_ISA_USAGE = YES_ERROR;
				CLANG_WARN_DOCUMENTATION_COMMENTS = YES;
				CLANG_WARN_EMPTY_BODY = YES;
				CLANG_WARN_ENUM_CONVERSION = YES;
				CLANG_WARN_INFINITE_RECURSION = YES;
				CLANG_WARN_INT_CONVERSION = YES;
				CLANG_WARN_NON_LITERAL_NULL_CONVERSION = YES;
				CLANG_WARN_OBJC_IMPLICIT_RETAIN_SELF = YES;
				CLANG_WARN_OBJC_LITERAL_CONVERSION = YES;
				CLANG_WARN_OBJC_ROOT_CLASS = YES_ERROR;
				CLANG_WARN_RANGE_LOOP_ANALYSIS = YES;
				CLANG_WARN_STRICT_PROTOTYPES = YES;
				CLANG_WARN_SUSPICIOUS_MOVE = YES;
				CLANG_WARN_UNGUARDED_AVAILABILITY = YES_AGGRESSIVE;
				CLANG_WARN_UNREACHABLE_CODE = YES;
				CLANG_WARN__DUPLICATE_METHOD_MATCH = YES;
				COPY_PHASE_STRIP = NO;
				DEBUG_INFORMATION_FORMAT = "dwarf-with-dsym";
				ENABLE_NS_ASSERTIONS = NO;
				ENABLE_STRICT_OBJC_MSGSEND = YES;
				GCC_C_LANGUAGE_STANDARD = gnu11;
				GCC_NO_COMMON_BLOCKS = YES;
				GCC_WARN_64_TO_32_BIT_CONVERSION = YES;
				GCC_WARN_ABOUT_RETURN_TYPE = YES_ERROR;
				GCC_WARN_UNDECLARED_SELECTOR = YES;
				GCC_WARN_UNINITIALIZED_AUTOS = YES_AGGRESSIVE;
				GCC_WARN_UNUSED_FUNCTION = YES;
				GCC_WARN_UNUSED_VARIABLE = YES;
				IPHONEOS_DEPLOYMENT_TARGET = 13.4;
				MTL_ENABLE_DEBUG_INFO = NO;
				MTL_FAST_MATH = YES;
				SDKROOT = iphoneos;
				SWIFT_COMPILATION_MODE = wholemodule;
				SWIFT_OPTIMIZATION_LEVEL = "-O";
				VALIDATE_PRODUCT = YES;
			};
			name = Release;
		};
		047D5EAD2473DB63008D56EC /* Debug */ = {
			isa = XCBuildConfiguration;
			baseConfigurationReference = C70E69ED759A0D0B52100A80 /* Pods-AppleAppStore.debug.xcconfig */;
			buildSettings = {
				ASSETCATALOG_COMPILER_APPICON_NAME = AppIcon;
				CODE_SIGN_STYLE = Automatic;
				DEVELOPMENT_TEAM = DATQ4VHWY9;
				INFOPLIST_FILE = AppleAppStore/Info.plist;
				LD_RUNPATH_SEARCH_PATHS = (
					"$(inherited)",
					"@executable_path/Frameworks",
				);
				PRODUCT_BUNDLE_IDENTIFIER = com.hassan.AppleAppStore;
				PRODUCT_NAME = "$(TARGET_NAME)";
				SWIFT_VERSION = 5.0;
				TARGETED_DEVICE_FAMILY = 1;
			};
			name = Debug;
		};
		047D5EAE2473DB63008D56EC /* Release */ = {
			isa = XCBuildConfiguration;
			baseConfigurationReference = 3D15815A38EAA52FAA0E31C7 /* Pods-AppleAppStore.release.xcconfig */;
			buildSettings = {
				ASSETCATALOG_COMPILER_APPICON_NAME = AppIcon;
				CODE_SIGN_STYLE = Automatic;
				DEVELOPMENT_TEAM = DATQ4VHWY9;
				INFOPLIST_FILE = AppleAppStore/Info.plist;
				LD_RUNPATH_SEARCH_PATHS = (
					"$(inherited)",
					"@executable_path/Frameworks",
				);
				PRODUCT_BUNDLE_IDENTIFIER = com.hassan.AppleAppStore;
				PRODUCT_NAME = "$(TARGET_NAME)";
				SWIFT_VERSION = 5.0;
				TARGETED_DEVICE_FAMILY = 1;
			};
			name = Release;
		};
/* End XCBuildConfiguration section */

/* Begin XCConfigurationList section */
		047D5E932473DB63008D56EC /* Build configuration list for PBXProject "AppleAppStore" */ = {
			isa = XCConfigurationList;
			buildConfigurations = (
				047D5EAA2473DB63008D56EC /* Debug */,
				047D5EAB2473DB63008D56EC /* Release */,
			);
			defaultConfigurationIsVisible = 0;
			defaultConfigurationName = Release;
		};
		047D5EAC2473DB63008D56EC /* Build configuration list for PBXNativeTarget "AppleAppStore" */ = {
			isa = XCConfigurationList;
			buildConfigurations = (
				047D5EAD2473DB63008D56EC /* Debug */,
				047D5EAE2473DB63008D56EC /* Release */,
			);
			defaultConfigurationIsVisible = 0;
			defaultConfigurationName = Release;
		};
/* End XCConfigurationList section */
	};
	rootObject = 047D5E902473DB63008D56EC /* Project object */;
}
